
Microsoft Visual Studio Solution File, Format Version 12.00
# Visual Studio 15
VisualStudioVersion = 15.0.26730.3
MinimumVisualStudioVersion = 10.0.40219.1
Project("{9A19103F-16F7-4668-BE54-9A1E7A4F7556}") = "ManagedCrunch.Sample.NetCore", "ManagedCrunch.Sample.NetCore\ManagedCrunch.Sample.NetCore.csproj", "{D5155324-D19D-4DEC-AB05-4962042787A3}"
EndProject
Project("{FAE04EC0-301F-11D3-BF4B-00C04F79EFBC}") = "ManagedCrunch.Sample.Android", "ManagedCrunch.Sample.Android\ManagedCrunch.Sample.Android.csproj", "{60F5209A-E2BB-401D-8733-D8D92F235ED3}"
EndProject
Project("{FAE04EC0-301F-11D3-BF4B-00C04F79EFBC}") = "ManagedCrunch.Sample.iOS", "ManagedCrunch.Sample.iOS\ManagedCrunch.Sample.iOS.csproj", "{0BDE52BB-1EB1-4F3C-884D-627BCD0CB614}"
EndProject
Project("{FAE04EC0-301F-11D3-BF4B-00C04F79EFBC}") = "ManagedCrunch.Sample.UWP", "ManagedCrunch.Sample.UWP\ManagedCrunch.Sample.UWP.csproj", "{0DA00A54-836A-49F8-98F3-6E820A0FA404}"
EndProject
Project("{FAE04EC0-301F-11D3-BF4B-00C04F79EFBC}") = "ManagedCrunch.Sample.NetFramework", "ManagedCrunch.Sample.NetFramework\ManagedCrunch.Sample.NetFramework.csproj", "{817DA388-394D-4EE2-9747-BC1F9EAC182E}"
EndProject
Project("{D954291E-2A0B-460D-934E-DC6B0785DB48}") = "ManagedCrunch.Sample.Shared", "ManagedCrunch.Sample.Shared\ManagedCrunch.Sample.Shared.shproj", "{32C183B4-A886-41C0-A2C5-2EBDD552372F}"
EndProject
Global
	GlobalSection(SharedMSBuildProjectFiles) = preSolution
		ManagedCrunch.Sample.Shared\ManagedCrunch.Sample.Shared.projitems*{0bde52bb-1eb1-4f3c-884d-627bcd0cb614}*SharedItemsImports = 4
		ManagedCrunch.Sample.Shared\ManagedCrunch.Sample.Shared.projitems*{0da00a54-836a-49f8-98f3-6e820a0fa404}*SharedItemsImports = 4
		ManagedCrunch.Sample.Shared\ManagedCrunch.Sample.Shared.projitems*{32c183b4-a886-41c0-a2c5-2ebdd552372f}*SharedItemsImports = 13
		ManagedCrunch.Sample.Shared\ManagedCrunch.Sample.Shared.projitems*{60f5209a-e2bb-401d-8733-d8d92f235ed3}*SharedItemsImports = 4
		ManagedCrunch.Sample.Shared\ManagedCrunch.Sample.Shared.projitems*{817da388-394d-4ee2-9747-bc1f9eac182e}*SharedItemsImports = 4
	EndGlobalSection
	GlobalSection(SolutionConfigurationPlatforms) = preSolution
		Ad-Hoc|Any CPU = Ad-Hoc|Any CPU
		Ad-Hoc|ARM = Ad-Hoc|ARM
		Ad-Hoc|iPhone = Ad-Hoc|iPhone
		Ad-Hoc|iPhoneSimulator = Ad-Hoc|iPhoneSimulator
		Ad-Hoc|x64 = Ad-Hoc|x64
		Ad-Hoc|x86 = Ad-Hoc|x86
		AppStore|Any CPU = AppStore|Any CPU
		AppStore|ARM = AppStore|ARM
		AppStore|iPhone = AppStore|iPhone
		AppStore|iPhoneSimulator = AppStore|iPhoneSimulator
		AppStore|x64 = AppStore|x64
		AppStore|x86 = AppStore|x86
		Debug|Any CPU = Debug|Any CPU
		Debug|ARM = Debug|ARM
		Debug|iPhone = Debug|iPhone
		Debug|iPhoneSimulator = Debug|iPhoneSimulator
		Debug|x64 = Debug|x64
		Debug|x86 = Debug|x86
		Release|Any CPU = Release|Any CPU
		Release|ARM = Release|ARM
		Release|iPhone = Release|iPhone
		Release|iPhoneSimulator = Release|iPhoneSimulator
		Release|x64 = Release|x64
		Release|x86 = Release|x86
	EndGlobalSection
	GlobalSection(ProjectConfigurationPlatforms) = postSolution
		{D5155324-D19D-4DEC-AB05-4962042787A3}.Ad-Hoc|Any CPU.ActiveCfg = Release|Any CPU
		{D5155324-D19D-4DEC-AB05-4962042787A3}.Ad-Hoc|Any CPU.Build.0 = Release|Any CPU
		{D5155324-D19D-4DEC-AB05-4962042787A3}.Ad-Hoc|ARM.ActiveCfg = Release|Any CPU
		{D5155324-D19D-4DEC-AB05-4962042787A3}.Ad-Hoc|ARM.Build.0 = Release|Any CPU
		{D5155324-D19D-4DEC-AB05-4962042787A3}.Ad-Hoc|iPhone.ActiveCfg = Release|Any CPU
		{D5155324-D19D-4DEC-AB05-4962042787A3}.Ad-Hoc|iPhone.Build.0 = Release|Any CPU
		{D5155324-D19D-4DEC-AB05-4962042787A3}.Ad-Hoc|iPhoneSimulator.ActiveCfg = Release|Any CPU
		{D5155324-D19D-4DEC-AB05-4962042787A3}.Ad-Hoc|iPhoneSimulator.Build.0 = Release|Any CPU
		{D5155324-D19D-4DEC-AB05-4962042787A3}.Ad-Hoc|x64.ActiveCfg = Release|Any CPU
		{D5155324-D19D-4DEC-AB05-4962042787A3}.Ad-Hoc|x64.Build.0 = Release|Any CPU
		{D5155324-D19D-4DEC-AB05-4962042787A3}.Ad-Hoc|x86.ActiveCfg = Release|Any CPU
		{D5155324-D19D-4DEC-AB05-4962042787A3}.Ad-Hoc|x86.Build.0 = Release|Any CPU
		{D5155324-D19D-4DEC-AB05-4962042787A3}.AppStore|Any CPU.ActiveCfg = Release|Any CPU
		{D5155324-D19D-4DEC-AB05-4962042787A3}.AppStore|Any CPU.Build.0 = Release|Any CPU
		{D5155324-D19D-4DEC-AB05-4962042787A3}.AppStore|ARM.ActiveCfg = Release|Any CPU
		{D5155324-D19D-4DEC-AB05-4962042787A3}.AppStore|ARM.Build.0 = Release|Any CPU
		{D5155324-D19D-4DEC-AB05-4962042787A3}.AppStore|iPhone.ActiveCfg = Release|Any CPU
		{D5155324-D19D-4DEC-AB05-4962042787A3}.AppStore|iPhone.Build.0 = Release|Any CPU
		{D5155324-D19D-4DEC-AB05-4962042787A3}.AppStore|iPhoneSimulator.ActiveCfg = Release|Any CPU
		{D5155324-D19D-4DEC-AB05-4962042787A3}.AppStore|iPhoneSimulator.Build.0 = Release|Any CPU
		{D5155324-D19D-4DEC-AB05-4962042787A3}.AppStore|x64.ActiveCfg = Release|Any CPU
		{D5155324-D19D-4DEC-AB05-4962042787A3}.AppStore|x64.Build.0 = Release|Any CPU
		{D5155324-D19D-4DEC-AB05-4962042787A3}.AppStore|x86.ActiveCfg = Release|Any CPU
		{D5155324-D19D-4DEC-AB05-4962042787A3}.AppStore|x86.Build.0 = Release|Any CPU
		{D5155324-D19D-4DEC-AB05-4962042787A3}.Debug|Any CPU.ActiveCfg = Debug|Any CPU
		{D5155324-D19D-4DEC-AB05-4962042787A3}.Debug|Any CPU.Build.0 = Debug|Any CPU
		{D5155324-D19D-4DEC-AB05-4962042787A3}.Debug|ARM.ActiveCfg = Debug|Any CPU
		{D5155324-D19D-4DEC-AB05-4962042787A3}.Debug|ARM.Build.0 = Debug|Any CPU
		{D5155324-D19D-4DEC-AB05-4962042787A3}.Debug|iPhone.ActiveCfg = Debug|Any CPU
		{D5155324-D19D-4DEC-AB05-4962042787A3}.Debug|iPhone.Build.0 = Debug|Any CPU
		{D5155324-D19D-4DEC-AB05-4962042787A3}.Debug|iPhoneSimulator.ActiveCfg = Debug|Any CPU
		{D5155324-D19D-4DEC-AB05-4962042787A3}.Debug|iPhoneSimulator.Build.0 = Debug|Any CPU
		{D5155324-D19D-4DEC-AB05-4962042787A3}.Debug|x64.ActiveCfg = Debug|Any CPU
		{D5155324-D19D-4DEC-AB05-4962042787A3}.Debug|x64.Build.0 = Debug|Any CPU
		{D5155324-D19D-4DEC-AB05-4962042787A3}.Debug|x86.ActiveCfg = Debug|Any CPU
		{D5155324-D19D-4DEC-AB05-4962042787A3}.Debug|x86.Build.0 = Debug|Any CPU
		{D5155324-D19D-4DEC-AB05-4962042787A3}.Release|Any CPU.ActiveCfg = Release|Any CPU
		{D5155324-D19D-4DEC-AB05-4962042787A3}.Release|Any CPU.Build.0 = Release|Any CPU
		{D5155324-D19D-4DEC-AB05-4962042787A3}.Release|ARM.ActiveCfg = Release|Any CPU
		{D5155324-D19D-4DEC-AB05-4962042787A3}.Release|ARM.Build.0 = Release|Any CPU
		{D5155324-D19D-4DEC-AB05-4962042787A3}.Release|iPhone.ActiveCfg = Release|Any CPU
		{D5155324-D19D-4DEC-AB05-4962042787A3}.Release|iPhone.Build.0 = Release|Any CPU
		{D5155324-D19D-4DEC-AB05-4962042787A3}.Release|iPhoneSimulator.ActiveCfg = Release|Any CPU
		{D5155324-D19D-4DEC-AB05-4962042787A3}.Release|iPhoneSimulator.Build.0 = Release|Any CPU
		{D5155324-D19D-4DEC-AB05-4962042787A3}.Release|x64.ActiveCfg = Release|Any CPU
		{D5155324-D19D-4DEC-AB05-4962042787A3}.Release|x64.Build.0 = Release|Any CPU
		{D5155324-D19D-4DEC-AB05-4962042787A3}.Release|x86.ActiveCfg = Release|Any CPU
		{D5155324-D19D-4DEC-AB05-4962042787A3}.Release|x86.Build.0 = Release|Any CPU
		{60F5209A-E2BB-401D-8733-D8D92F235ED3}.Ad-Hoc|Any CPU.ActiveCfg = Release|Any CPU
		{60F5209A-E2BB-401D-8733-D8D92F235ED3}.Ad-Hoc|Any CPU.Build.0 = Release|Any CPU
		{60F5209A-E2BB-401D-8733-D8D92F235ED3}.Ad-Hoc|Any CPU.Deploy.0 = Release|Any CPU
		{60F5209A-E2BB-401D-8733-D8D92F235ED3}.Ad-Hoc|ARM.ActiveCfg = Release|Any CPU
		{60F5209A-E2BB-401D-8733-D8D92F235ED3}.Ad-Hoc|ARM.Build.0 = Release|Any CPU
		{60F5209A-E2BB-401D-8733-D8D92F235ED3}.Ad-Hoc|ARM.Deploy.0 = Release|Any CPU
		{60F5209A-E2BB-401D-8733-D8D92F235ED3}.Ad-Hoc|iPhone.ActiveCfg = Release|Any CPU
		{60F5209A-E2BB-401D-8733-D8D92F235ED3}.Ad-Hoc|iPhone.Build.0 = Release|Any CPU
		{60F5209A-E2BB-401D-8733-D8D92F235ED3}.Ad-Hoc|iPhone.Deploy.0 = Release|Any CPU
		{60F5209A-E2BB-401D-8733-D8D92F235ED3}.Ad-Hoc|iPhoneSimulator.ActiveCfg = Release|Any CPU
		{60F5209A-E2BB-401D-8733-D8D92F235ED3}.Ad-Hoc|iPhoneSimulator.Build.0 = Release|Any CPU
		{60F5209A-E2BB-401D-8733-D8D92F235ED3}.Ad-Hoc|iPhoneSimulator.Deploy.0 = Release|Any CPU
		{60F5209A-E2BB-401D-8733-D8D92F235ED3}.Ad-Hoc|x64.ActiveCfg = Release|Any CPU
		{60F5209A-E2BB-401D-8733-D8D92F235ED3}.Ad-Hoc|x64.Build.0 = Release|Any CPU
		{60F5209A-E2BB-401D-8733-D8D92F235ED3}.Ad-Hoc|x64.Deploy.0 = Release|Any CPU
		{60F5209A-E2BB-401D-8733-D8D92F235ED3}.Ad-Hoc|x86.ActiveCfg = Release|Any CPU
		{60F5209A-E2BB-401D-8733-D8D92F235ED3}.Ad-Hoc|x86.Build.0 = Release|Any CPU
		{60F5209A-E2BB-401D-8733-D8D92F235ED3}.Ad-Hoc|x86.Deploy.0 = Release|Any CPU
		{60F5209A-E2BB-401D-8733-D8D92F235ED3}.AppStore|Any CPU.ActiveCfg = Release|Any CPU
		{60F5209A-E2BB-401D-8733-D8D92F235ED3}.AppStore|Any CPU.Build.0 = Release|Any CPU
		{60F5209A-E2BB-401D-8733-D8D92F235ED3}.AppStore|Any CPU.Deploy.0 = Release|Any CPU
		{60F5209A-E2BB-401D-8733-D8D92F235ED3}.AppStore|ARM.ActiveCfg = Release|Any CPU
		{60F5209A-E2BB-401D-8733-D8D92F235ED3}.AppStore|ARM.Build.0 = Release|Any CPU
		{60F5209A-E2BB-401D-8733-D8D92F235ED3}.AppStore|ARM.Deploy.0 = Release|Any CPU
		{60F5209A-E2BB-401D-8733-D8D92F235ED3}.AppStore|iPhone.ActiveCfg = Release|Any CPU
		{60F5209A-E2BB-401D-8733-D8D92F235ED3}.AppStore|iPhone.Build.0 = Release|Any CPU
		{60F5209A-E2BB-401D-8733-D8D92F235ED3}.AppStore|iPhone.Deploy.0 = Release|Any CPU
		{60F5209A-E2BB-401D-8733-D8D92F235ED3}.AppStore|iPhoneSimulator.ActiveCfg = Release|Any CPU
		{60F5209A-E2BB-401D-8733-D8D92F235ED3}.AppStore|iPhoneSimulator.Build.0 = Release|Any CPU
		{60F5209A-E2BB-401D-8733-D8D92F235ED3}.AppStore|iPhoneSimulator.Deploy.0 = Release|Any CPU
		{60F5209A-E2BB-401D-8733-D8D92F235ED3}.AppStore|x64.ActiveCfg = Release|Any CPU
		{60F5209A-E2BB-401D-8733-D8D92F235ED3}.AppStore|x64.Build.0 = Release|Any CPU
		{60F5209A-E2BB-401D-8733-D8D92F235ED3}.AppStore|x64.Deploy.0 = Release|Any CPU
		{60F5209A-E2BB-401D-8733-D8D92F235ED3}.AppStore|x86.ActiveCfg = Release|Any CPU
		{60F5209A-E2BB-401D-8733-D8D92F235ED3}.AppStore|x86.Build.0 = Release|Any CPU
		{60F5209A-E2BB-401D-8733-D8D92F235ED3}.AppStore|x86.Deploy.0 = Release|Any CPU
		{60F5209A-E2BB-401D-8733-D8D92F235ED3}.Debug|Any CPU.ActiveCfg = Debug|Any CPU
		{60F5209A-E2BB-401D-8733-D8D92F235ED3}.Debug|Any CPU.Build.0 = Debug|Any CPU
		{60F5209A-E2BB-401D-8733-D8D92F235ED3}.Debug|Any CPU.Deploy.0 = Debug|Any CPU
		{60F5209A-E2BB-401D-8733-D8D92F235ED3}.Debug|ARM.ActiveCfg = Debug|Any CPU
		{60F5209A-E2BB-401D-8733-D8D92F235ED3}.Debug|ARM.Build.0 = Debug|Any CPU
		{60F5209A-E2BB-401D-8733-D8D92F235ED3}.Debug|ARM.Deploy.0 = Debug|Any CPU
		{60F5209A-E2BB-401D-8733-D8D92F235ED3}.Debug|iPhone.ActiveCfg = Debug|Any CPU
		{60F5209A-E2BB-401D-8733-D8D92F235ED3}.Debug|iPhone.Build.0 = Debug|Any CPU
		{60F5209A-E2BB-401D-8733-D8D92F235ED3}.Debug|iPhone.Deploy.0 = Debug|Any CPU
		{60F5209A-E2BB-401D-8733-D8D92F235ED3}.Debug|iPhoneSimulator.ActiveCfg = Debug|Any CPU
		{60F5209A-E2BB-401D-8733-D8D92F235ED3}.Debug|iPhoneSimulator.Build.0 = Debug|Any CPU
		{60F5209A-E2BB-401D-8733-D8D92F235ED3}.Debug|iPhoneSimulator.Deploy.0 = Debug|Any CPU
		{60F5209A-E2BB-401D-8733-D8D92F235ED3}.Debug|x64.ActiveCfg = Debug|Any CPU
		{60F5209A-E2BB-401D-8733-D8D92F235ED3}.Debug|x64.Build.0 = Debug|Any CPU
		{60F5209A-E2BB-401D-8733-D8D92F235ED3}.Debug|x64.Deploy.0 = Debug|Any CPU
		{60F5209A-E2BB-401D-8733-D8D92F235ED3}.Debug|x86.ActiveCfg = Debug|Any CPU
		{60F5209A-E2BB-401D-8733-D8D92F235ED3}.Debug|x86.Build.0 = Debug|Any CPU
		{60F5209A-E2BB-401D-8733-D8D92F235ED3}.Debug|x86.Deploy.0 = Debug|Any CPU
		{60F5209A-E2BB-401D-8733-D8D92F235ED3}.Release|Any CPU.ActiveCfg = Release|Any CPU
		{60F5209A-E2BB-401D-8733-D8D92F235ED3}.Release|Any CPU.Build.0 = Release|Any CPU
		{60F5209A-E2BB-401D-8733-D8D92F235ED3}.Release|Any CPU.Deploy.0 = Release|Any CPU
		{60F5209A-E2BB-401D-8733-D8D92F235ED3}.Release|ARM.ActiveCfg = Release|Any CPU
		{60F5209A-E2BB-401D-8733-D8D92F235ED3}.Release|ARM.Build.0 = Release|Any CPU
		{60F5209A-E2BB-401D-8733-D8D92F235ED3}.Release|ARM.Deploy.0 = Release|Any CPU
		{60F5209A-E2BB-401D-8733-D8D92F235ED3}.Release|iPhone.ActiveCfg = Release|Any CPU
		{60F5209A-E2BB-401D-8733-D8D92F235ED3}.Release|iPhone.Build.0 = Release|Any CPU
		{60F5209A-E2BB-401D-8733-D8D92F235ED3}.Release|iPhone.Deploy.0 = Release|Any CPU
		{60F5209A-E2BB-401D-8733-D8D92F235ED3}.Release|iPhoneSimulator.ActiveCfg = Release|Any CPU
		{60F5209A-E2BB-401D-8733-D8D92F235ED3}.Release|iPhoneSimulator.Build.0 = Release|Any CPU
		{60F5209A-E2BB-401D-8733-D8D92F235ED3}.Release|iPhoneSimulator.Deploy.0 = Release|Any CPU
		{60F5209A-E2BB-401D-8733-D8D92F235ED3}.Release|x64.ActiveCfg = Release|Any CPU
		{60F5209A-E2BB-401D-8733-D8D92F235ED3}.Release|x64.Build.0 = Release|Any CPU
		{60F5209A-E2BB-401D-8733-D8D92F235ED3}.Release|x64.Deploy.0 = Release|Any CPU
		{60F5209A-E2BB-401D-8733-D8D92F235ED3}.Release|x86.ActiveCfg = Release|Any CPU
		{60F5209A-E2BB-401D-8733-D8D92F235ED3}.Release|x86.Build.0 = Release|Any CPU
		{60F5209A-E2BB-401D-8733-D8D92F235ED3}.Release|x86.Deploy.0 = Release|Any CPU
		{0BDE52BB-1EB1-4F3C-884D-627BCD0CB614}.Ad-Hoc|Any CPU.ActiveCfg = Ad-Hoc|iPhone
		{0BDE52BB-1EB1-4F3C-884D-627BCD0CB614}.Ad-Hoc|ARM.ActiveCfg = Ad-Hoc|iPhone
		{0BDE52BB-1EB1-4F3C-884D-627BCD0CB614}.Ad-Hoc|iPhone.ActiveCfg = Ad-Hoc|iPhone
		{0BDE52BB-1EB1-4F3C-884D-627BCD0CB614}.Ad-Hoc|iPhone.Build.0 = Ad-Hoc|iPhone
		{0BDE52BB-1EB1-4F3C-884D-627BCD0CB614}.Ad-Hoc|iPhoneSimulator.ActiveCfg = Ad-Hoc|iPhoneSimulator
		{0BDE52BB-1EB1-4F3C-884D-627BCD0CB614}.Ad-Hoc|iPhoneSimulator.Build.0 = Ad-Hoc|iPhoneSimulator
		{0BDE52BB-1EB1-4F3C-884D-627BCD0CB614}.Ad-Hoc|x64.ActiveCfg = Ad-Hoc|iPhone
		{0BDE52BB-1EB1-4F3C-884D-627BCD0CB614}.Ad-Hoc|x86.ActiveCfg = Ad-Hoc|iPhone
		{0BDE52BB-1EB1-4F3C-884D-627BCD0CB614}.AppStore|Any CPU.ActiveCfg = AppStore|iPhone
		{0BDE52BB-1EB1-4F3C-884D-627BCD0CB614}.AppStore|ARM.ActiveCfg = AppStore|iPhone
		{0BDE52BB-1EB1-4F3C-884D-627BCD0CB614}.AppStore|iPhone.ActiveCfg = AppStore|iPhone
		{0BDE52BB-1EB1-4F3C-884D-627BCD0CB614}.AppStore|iPhone.Build.0 = AppStore|iPhone
		{0BDE52BB-1EB1-4F3C-884D-627BCD0CB614}.AppStore|iPhoneSimulator.ActiveCfg = AppStore|iPhoneSimulator
		{0BDE52BB-1EB1-4F3C-884D-627BCD0CB614}.AppStore|iPhoneSimulator.Build.0 = AppStore|iPhoneSimulator
		{0BDE52BB-1EB1-4F3C-884D-627BCD0CB614}.AppStore|x64.ActiveCfg = AppStore|iPhone
		{0BDE52BB-1EB1-4F3C-884D-627BCD0CB614}.AppStore|x86.ActiveCfg = AppStore|iPhone
		{0BDE52BB-1EB1-4F3C-884D-627BCD0CB614}.Debug|Any CPU.ActiveCfg = Debug|iPhone
		{0BDE52BB-1EB1-4F3C-884D-627BCD0CB614}.Debug|ARM.ActiveCfg = Debug|iPhone
		{0BDE52BB-1EB1-4F3C-884D-627BCD0CB614}.Debug|iPhone.ActiveCfg = Debug|iPhone
		{0BDE52BB-1EB1-4F3C-884D-627BCD0CB614}.Debug|iPhone.Build.0 = Debug|iPhone
		{0BDE52BB-1EB1-4F3C-884D-627BCD0CB614}.Debug|iPhoneSimulator.ActiveCfg = Debug|iPhoneSimulator
		{0BDE52BB-1EB1-4F3C-884D-627BCD0CB614}.Debug|iPhoneSimulator.Build.0 = Debug|iPhoneSimulator
		{0BDE52BB-1EB1-4F3C-884D-627BCD0CB614}.Debug|x64.ActiveCfg = Debug|iPhone
		{0BDE52BB-1EB1-4F3C-884D-627BCD0CB614}.Debug|x86.ActiveCfg = Debug|iPhone
		{0BDE52BB-1EB1-4F3C-884D-627BCD0CB614}.Release|Any CPU.ActiveCfg = Release|iPhone
		{0BDE52BB-1EB1-4F3C-884D-627BCD0CB614}.Release|ARM.ActiveCfg = Release|iPhone
		{0BDE52BB-1EB1-4F3C-884D-627BCD0CB614}.Release|iPhone.ActiveCfg = Release|iPhone
		{0BDE52BB-1EB1-4F3C-884D-627BCD0CB614}.Release|iPhone.Build.0 = Release|iPhone
		{0BDE52BB-1EB1-4F3C-884D-627BCD0CB614}.Release|iPhoneSimulator.ActiveCfg = Release|iPhoneSimulator
		{0BDE52BB-1EB1-4F3C-884D-627BCD0CB614}.Release|iPhoneSimulator.Build.0 = Release|iPhoneSimulator
		{0BDE52BB-1EB1-4F3C-884D-627BCD0CB614}.Release|x64.ActiveCfg = Release|iPhone
		{0BDE52BB-1EB1-4F3C-884D-627BCD0CB614}.Release|x86.ActiveCfg = Release|iPhone
		{0DA00A54-836A-49F8-98F3-6E820A0FA404}.Ad-Hoc|Any CPU.ActiveCfg = Release|x64
		{0DA00A54-836A-49F8-98F3-6E820A0FA404}.Ad-Hoc|Any CPU.Build.0 = Release|x64
		{0DA00A54-836A-49F8-98F3-6E820A0FA404}.Ad-Hoc|Any CPU.Deploy.0 = Release|x64
		{0DA00A54-836A-49F8-98F3-6E820A0FA404}.Ad-Hoc|ARM.ActiveCfg = Release|ARM
		{0DA00A54-836A-49F8-98F3-6E820A0FA404}.Ad-Hoc|ARM.Build.0 = Release|ARM
		{0DA00A54-836A-49F8-98F3-6E820A0FA404}.Ad-Hoc|ARM.Deploy.0 = Release|ARM
		{0DA00A54-836A-49F8-98F3-6E820A0FA404}.Ad-Hoc|iPhone.ActiveCfg = Release|x64
		{0DA00A54-836A-49F8-98F3-6E820A0FA404}.Ad-Hoc|iPhone.Build.0 = Release|x64
		{0DA00A54-836A-49F8-98F3-6E820A0FA404}.Ad-Hoc|iPhone.Deploy.0 = Release|x64
		{0DA00A54-836A-49F8-98F3-6E820A0FA404}.Ad-Hoc|iPhoneSimulator.ActiveCfg = Release|x64
		{0DA00A54-836A-49F8-98F3-6E820A0FA404}.Ad-Hoc|iPhoneSimulator.Build.0 = Release|x64
		{0DA00A54-836A-49F8-98F3-6E820A0FA404}.Ad-Hoc|iPhoneSimulator.Deploy.0 = Release|x64
		{0DA00A54-836A-49F8-98F3-6E820A0FA404}.Ad-Hoc|x64.ActiveCfg = Release|x64
		{0DA00A54-836A-49F8-98F3-6E820A0FA404}.Ad-Hoc|x64.Build.0 = Release|x64
		{0DA00A54-836A-49F8-98F3-6E820A0FA404}.Ad-Hoc|x64.Deploy.0 = Release|x64
		{0DA00A54-836A-49F8-98F3-6E820A0FA404}.Ad-Hoc|x86.ActiveCfg = Release|x86
		{0DA00A54-836A-49F8-98F3-6E820A0FA404}.Ad-Hoc|x86.Build.0 = Release|x86
		{0DA00A54-836A-49F8-98F3-6E820A0FA404}.Ad-Hoc|x86.Deploy.0 = Release|x86
		{0DA00A54-836A-49F8-98F3-6E820A0FA404}.AppStore|Any CPU.ActiveCfg = Release|x64
		{0DA00A54-836A-49F8-98F3-6E820A0FA404}.AppStore|Any CPU.Build.0 = Release|x64
		{0DA00A54-836A-49F8-98F3-6E820A0FA404}.AppStore|Any CPU.Deploy.0 = Release|x64
		{0DA00A54-836A-49F8-98F3-6E820A0FA404}.AppStore|ARM.ActiveCfg = Release|ARM
		{0DA00A54-836A-49F8-98F3-6E820A0FA404}.AppStore|ARM.Build.0 = Release|ARM
		{0DA00A54-836A-49F8-98F3-6E820A0FA404}.AppStore|ARM.Deploy.0 = Release|ARM
		{0DA00A54-836A-49F8-98F3-6E820A0FA404}.AppStore|iPhone.ActiveCfg = Release|x64
		{0DA00A54-836A-49F8-98F3-6E820A0FA404}.AppStore|iPhone.Build.0 = Release|x64
		{0DA00A54-836A-49F8-98F3-6E820A0FA404}.AppStore|iPhone.Deploy.0 = Release|x64
		{0DA00A54-836A-49F8-98F3-6E820A0FA404}.AppStore|iPhoneSimulator.ActiveCfg = Release|x64
		{0DA00A54-836A-49F8-98F3-6E820A0FA404}.AppStore|iPhoneSimulator.Build.0 = Release|x64
		{0DA00A54-836A-49F8-98F3-6E820A0FA404}.AppStore|iPhoneSimulator.Deploy.0 = Release|x64
		{0DA00A54-836A-49F8-98F3-6E820A0FA404}.AppStore|x64.ActiveCfg = Release|x64
		{0DA00A54-836A-49F8-98F3-6E820A0FA404}.AppStore|x64.Build.0 = Release|x64
		{0DA00A54-836A-49F8-98F3-6E820A0FA404}.AppStore|x64.Deploy.0 = Release|x64
		{0DA00A54-836A-49F8-98F3-6E820A0FA404}.AppStore|x86.ActiveCfg = Release|x86
		{0DA00A54-836A-49F8-98F3-6E820A0FA404}.AppStore|x86.Build.0 = Release|x86
		{0DA00A54-836A-49F8-98F3-6E820A0FA404}.AppStore|x86.Deploy.0 = Release|x86
		{0DA00A54-836A-49F8-98F3-6E820A0FA404}.Debug|Any CPU.ActiveCfg = Debug|x86
		{0DA00A54-836A-49F8-98F3-6E820A0FA404}.Debug|ARM.ActiveCfg = Debug|ARM
		{0DA00A54-836A-49F8-98F3-6E820A0FA404}.Debug|ARM.Build.0 = Debug|ARM
		{0DA00A54-836A-49F8-98F3-6E820A0FA404}.Debug|ARM.Deploy.0 = Debug|ARM
		{0DA00A54-836A-49F8-98F3-6E820A0FA404}.Debug|iPhone.ActiveCfg = Debug|x86
		{0DA00A54-836A-49F8-98F3-6E820A0FA404}.Debug|iPhoneSimulator.ActiveCfg = Debug|x86
		{0DA00A54-836A-49F8-98F3-6E820A0FA404}.Debug|x64.ActiveCfg = Debug|x64
		{0DA00A54-836A-49F8-98F3-6E820A0FA404}.Debug|x64.Build.0 = Debug|x64
		{0DA00A54-836A-49F8-98F3-6E820A0FA404}.Debug|x64.Deploy.0 = Debug|x64
		{0DA00A54-836A-49F8-98F3-6E820A0FA404}.Debug|x86.ActiveCfg = Debug|x86
		{0DA00A54-836A-49F8-98F3-6E820A0FA404}.Debug|x86.Build.0 = Debug|x86
		{0DA00A54-836A-49F8-98F3-6E820A0FA404}.Debug|x86.Deploy.0 = Debug|x86
		{0DA00A54-836A-49F8-98F3-6E820A0FA404}.Release|Any CPU.ActiveCfg = Release|x86
		{0DA00A54-836A-49F8-98F3-6E820A0FA404}.Release|ARM.ActiveCfg = Release|ARM
		{0DA00A54-836A-49F8-98F3-6E820A0FA404}.Release|ARM.Build.0 = Release|ARM
		{0DA00A54-836A-49F8-98F3-6E820A0FA404}.Release|ARM.Deploy.0 = Release|ARM
		{0DA00A54-836A-49F8-98F3-6E820A0FA404}.Release|iPhone.ActiveCfg = Release|x86
		{0DA00A54-836A-49F8-98F3-6E820A0FA404}.Release|iPhoneSimulator.ActiveCfg = Release|x86
		{0DA00A54-836A-49F8-98F3-6E820A0FA404}.Release|x64.ActiveCfg = Release|x64
		{0DA00A54-836A-49F8-98F3-6E820A0FA404}.Release|x64.Build.0 = Release|x64
		{0DA00A54-836A-49F8-98F3-6E820A0FA404}.Release|x64.Deploy.0 = Release|x64
		{0DA00A54-836A-49F8-98F3-6E820A0FA404}.Release|x86.ActiveCfg = Release|x86
		{0DA00A54-836A-49F8-98F3-6E820A0FA404}.Release|x86.Build.0 = Release|x86
		{0DA00A54-836A-49F8-98F3-6E820A0FA404}.Release|x86.Deploy.0 = Release|x86
		{817DA388-394D-4EE2-9747-BC1F9EAC182E}.Ad-Hoc|Any CPU.ActiveCfg = Release|Any CPU
		{817DA388-394D-4EE2-9747-BC1F9EAC182E}.Ad-Hoc|Any CPU.Build.0 = Release|Any CPU
		{817DA388-394D-4EE2-9747-BC1F9EAC182E}.Ad-Hoc|ARM.ActiveCfg = Release|Any CPU
		{817DA388-394D-4EE2-9747-BC1F9EAC182E}.Ad-Hoc|ARM.Build.0 = Release|Any CPU
		{817DA388-394D-4EE2-9747-BC1F9EAC182E}.Ad-Hoc|iPhone.ActiveCfg = Release|Any CPU
		{817DA388-394D-4EE2-9747-BC1F9EAC182E}.Ad-Hoc|iPhone.Build.0 = Release|Any CPU
		{817DA388-394D-4EE2-9747-BC1F9EAC182E}.Ad-Hoc|iPhoneSimulator.ActiveCfg = Release|Any CPU
		{817DA388-394D-4EE2-9747-BC1F9EAC182E}.Ad-Hoc|iPhoneSimulator.Build.0 = Release|Any CPU
		{817DA388-394D-4EE2-9747-BC1F9EAC182E}.Ad-Hoc|x64.ActiveCfg = Release|Any CPU
		{817DA388-394D-4EE2-9747-BC1F9EAC182E}.Ad-Hoc|x64.Build.0 = Release|Any CPU
		{817DA388-394D-4EE2-9747-BC1F9EAC182E}.Ad-Hoc|x86.ActiveCfg = Release|Any CPU
		{817DA388-394D-4EE2-9747-BC1F9EAC182E}.Ad-Hoc|x86.Build.0 = Release|Any CPU
		{817DA388-394D-4EE2-9747-BC1F9EAC182E}.AppStore|Any CPU.ActiveCfg = Release|Any CPU
		{817DA388-394D-4EE2-9747-BC1F9EAC182E}.AppStore|Any CPU.Build.0 = Release|Any CPU
		{817DA388-394D-4EE2-9747-BC1F9EAC182E}.AppStore|ARM.ActiveCfg = Release|Any CPU
		{817DA388-394D-4EE2-9747-BC1F9EAC182E}.AppStore|ARM.Build.0 = Release|Any CPU
		{817DA388-394D-4EE2-9747-BC1F9EAC182E}.AppStore|iPhone.ActiveCfg = Release|Any CPU
		{817DA388-394D-4EE2-9747-BC1F9EAC182E}.AppStore|iPhone.Build.0 = Release|Any CPU
		{817DA388-394D-4EE2-9747-BC1F9EAC182E}.AppStore|iPhoneSimulator.ActiveCfg = Release|Any CPU
		{817DA388-394D-4EE2-9747-BC1F9EAC182E}.AppStore|iPhoneSimulator.Build.0 = Release|Any CPU
		{817DA388-394D-4EE2-9747-BC1F9EAC182E}.AppStore|x64.ActiveCfg = Release|Any CPU
		{817DA388-394D-4EE2-9747-BC1F9EAC182E}.AppStore|x64.Build.0 = Release|Any CPU
		{817DA388-394D-4EE2-9747-BC1F9EAC182E}.AppStore|x86.ActiveCfg = Release|Any CPU
		{817DA388-394D-4EE2-9747-BC1F9EAC182E}.AppStore|x86.Build.0 = Release|Any CPU
		{817DA388-394D-4EE2-9747-BC1F9EAC182E}.Debug|Any CPU.ActiveCfg = Debug|Any CPU
		{817DA388-394D-4EE2-9747-BC1F9EAC182E}.Debug|Any CPU.Build.0 = Debug|Any CPU
		{817DA388-394D-4EE2-9747-BC1F9EAC182E}.Debug|ARM.ActiveCfg = Debug|Any CPU
		{817DA388-394D-4EE2-9747-BC1F9EAC182E}.Debug|ARM.Build.0 = Debug|Any CPU
		{817DA388-394D-4EE2-9747-BC1F9EAC182E}.Debug|iPhone.ActiveCfg = Debug|Any CPU
		{817DA388-394D-4EE2-9747-BC1F9EAC182E}.Debug|iPhone.Build.0 = Debug|Any CPU
		{817DA388-394D-4EE2-9747-BC1F9EAC182E}.Debug|iPhoneSimulator.ActiveCfg = Debug|Any CPU
		{817DA388-394D-4EE2-9747-BC1F9EAC182E}.Debug|iPhoneSimulator.Build.0 = Debug|Any CPU
		{817DA388-394D-4EE2-9747-BC1F9EAC182E}.Debug|x64.ActiveCfg = Debug|Any CPU
		{817DA388-394D-4EE2-9747-BC1F9EAC182E}.Debug|x64.Build.0 = Debug|Any CPU
		{817DA388-394D-4EE2-9747-BC1F9EAC182E}.Debug|x86.ActiveCfg = Debug|Any CPU
		{817DA388-394D-4EE2-9747-BC1F9EAC182E}.Debug|x86.Build.0 = Debug|Any CPU
		{817DA388-394D-4EE2-9747-BC1F9EAC182E}.Release|Any CPU.ActiveCfg = Release|Any CPU
		{817DA388-394D-4EE2-9747-BC1F9EAC182E}.Release|Any CPU.Build.0 = Release|Any CPU
		{817DA388-394D-4EE2-9747-BC1F9EAC182E}.Release|ARM.ActiveCfg = Release|Any CPU
		{817DA388-394D-4EE2-9747-BC1F9EAC182E}.Release|ARM.Build.0 = Release|Any CPU
		{817DA388-394D-4EE2-9747-BC1F9EAC182E}.Release|iPhone.ActiveCfg = Release|Any CPU
		{817DA388-394D-4EE2-9747-BC1F9EAC182E}.Release|iPhone.Build.0 = Release|Any CPU
		{817DA388-394D-4EE2-9747-BC1F9EAC182E}.Release|iPhoneSimulator.ActiveCfg = Release|Any CPU
		{817DA388-394D-4EE2-9747-BC1F9EAC182E}.Release|iPhoneSimulator.Build.0 = Release|Any CPU
		{817DA388-394D-4EE2-9747-BC1F9EAC182E}.Release|x64.ActiveCfg = Release|Any CPU
		{817DA388-394D-4EE2-9747-BC1F9EAC182E}.Release|x64.Build.0 = Release|Any CPU
		{817DA388-394D-4EE2-9747-BC1F9EAC182E}.Release|x86.ActiveCfg = Release|Any CPU
		{817DA388-394D-4EE2-9747-BC1F9EAC182E}.Release|x86.Build.0 = Release|Any CPU
	EndGlobalSection
	GlobalSection(SolutionProperties) = preSolution
		HideSolutionNode = FALSE
	EndGlobalSection
	GlobalSection(ExtensibilityGlobals) = postSolution
		SolutionGuid = {2963B218-23A9-4FF9-B793-900D0635CEBD}
	EndGlobalSection
EndGlobal
