
Microsoft Visual Studio Solution File, Format Version 12.00
# Visual Studio 15
VisualStudioVersion = 15.0.28010.2019
MinimumVisualStudioVersion = 10.0.40219.1
Project("{FAE04EC0-301F-11D3-BF4B-00C04F79EFBC}") = "ManagedCrunch", "ManagedCrunch.csproj", "{446683BD-24E1-48D5-9D20-8754F07E1291}"
EndProject
Global
	GlobalSection(SolutionConfigurationPlatforms) = preSolution
		Debug|Any CPU = Debug|Any CPU
		Release|Any CPU = Release|Any CPU
	EndGlobalSection
	GlobalSection(ProjectConfigurationPlatforms) = postSolution
		{446683BD-24E1-48D5-9D20-8754F07E1291}.Debug|Any CPU.ActiveCfg = Debug|Any CPU
		{446683BD-24E1-48D5-9D20-8754F07E1291}.Debug|Any CPU.Build.0 = Debug|Any CPU
		{446683BD-24E1-48D5-9D20-8754F07E1291}.Release|Any CPU.ActiveCfg = Release|Any CPU
		{446683BD-24E1-48D5-9D20-8754F07E1291}.Release|Any CPU.Build.0 = Release|Any CPU
	EndGlobalSection
	GlobalSection(SolutionProperties) = preSolution
		HideSolutionNode = FALSE
	EndGlobalSection
	GlobalSection(ExtensibilityGlobals) = postSolution
		SolutionGuid = {40775D15-0DFF-452A-AED5-56AAEBA5D5A3}
	EndGlobalSection
EndGlobal
