
Microsoft Visual Studio Solution File, Format Version 12.00
# Visual Studio 15
VisualStudioVersion = 15.0.26430.6
MinimumVisualStudioVersion = 10.0.40219.1
Project("{D954291E-2A0B-460D-934E-DC6B0785DB48}") = "ManagedCrunch.Shared", "ManagedCrunch.Shared\ManagedCrunch.Shared.shproj", "{C3F7D186-ED4F-4F17-A3F7-C4535007289B}"
EndProject
Project("{FAE04EC0-301F-11D3-BF4B-00C04F79EFBC}") = "ManagedCrunch.iOS", "ManagedCrunch.iOS\ManagedCrunch.iOS.csproj", "{993C3B29-2102-49DA-A92E-FA6E23E9A744}"
EndProject
Global
	GlobalSection(SharedMSBuildProjectFiles) = preSolution
		managedCrunch.Shared\managedCrunch.Shared.projitems*{993c3b29-2102-49da-a92e-fa6e23e9a744}*SharedItemsImports = 4
		managedCrunch.Shared\managedCrunch.Shared.projitems*{c3f7d186-ed4f-4f17-a3f7-c4535007289b}*SharedItemsImports = 13
	EndGlobalSection
	GlobalSection(SolutionConfigurationPlatforms) = preSolution
		Debug|Any CPU = Debug|Any CPU
		Release|Any CPU = Release|Any CPU
	EndGlobalSection
	GlobalSection(ProjectConfigurationPlatforms) = postSolution
		{993C3B29-2102-49DA-A92E-FA6E23E9A744}.Debug|Any CPU.ActiveCfg = Debug|Any CPU
		{993C3B29-2102-49DA-A92E-FA6E23E9A744}.Debug|Any CPU.Build.0 = Debug|Any CPU
		{993C3B29-2102-49DA-A92E-FA6E23E9A744}.Release|Any CPU.ActiveCfg = Release|Any CPU
		{993C3B29-2102-49DA-A92E-FA6E23E9A744}.Release|Any CPU.Build.0 = Release|Any CPU
	EndGlobalSection
	GlobalSection(SolutionProperties) = preSolution
		HideSolutionNode = FALSE
	EndGlobalSection
EndGlobal
