
Microsoft Visual Studio Solution File, Format Version 12.00
# Visual Studio 15
VisualStudioVersion = 15.0.26730.16
MinimumVisualStudioVersion = 10.0.40219.1
Project("{9A19103F-16F7-4668-BE54-9A1E7A4F7556}") = "ManagedCrunch", "ManagedCrunch\ManagedCrunch.csproj", "{6729B237-5F55-4B5A-B9D8-DDFE4F3B06E1}"
EndProject
Project("{D954291E-2A0B-460D-934E-DC6B0785DB48}") = "ManagedCrunch.Shared", "ManagedCrunch.Shared\ManagedCrunch.Shared.shproj", "{B79F61DB-8227-47BB-B0C5-1B26718119AE}"
EndProject
Project("{2150E333-8FDC-42A3-9474-1A3956D46DE8}") = "Sample", "Sample", "{4A5F2D3B-E2E6-49B0-BC14-E7ABFA2354D8}"
EndProject
Project("{FAE04EC0-301F-11D3-BF4B-00C04F79EFBC}") = "ManagedCrunch.Sample.Android", "Sample\ManagedCrunch.Sample.Android\ManagedCrunch.Sample.Android.csproj", "{60F5209A-E2BB-401D-8733-D8D92F235ED3}"
EndProject
Project("{FAE04EC0-301F-11D3-BF4B-00C04F79EFBC}") = "ManagedCrunch.Sample.iOS", "Sample\ManagedCrunch.Sample.iOS\ManagedCrunch.Sample.iOS.csproj", "{6464E5D2-E1CC-4411-BE48-629E014F26C8}"
EndProject
Project("{9A19103F-16F7-4668-BE54-9A1E7A4F7556}") = "ManagedCrunch.Sample.NetCore", "Sample\ManagedCrunch.Sample.NetCore\ManagedCrunch.Sample.NetCore.csproj", "{F62D4B61-86A9-408C-BD98-8EBCE668AACE}"
EndProject
Project("{FAE04EC0-301F-11D3-BF4B-00C04F79EFBC}") = "ManagedCrunch.Sample.NetFramework", "Sample\ManagedCrunch.Sample.NetFramework\ManagedCrunch.Sample.NetFramework.csproj", "{817DA388-394D-4EE2-9747-BC1F9EAC182E}"
EndProject
Project("{D954291E-2A0B-460D-934E-DC6B0785DB48}") = "ManagedCrunch.Sample.Shared", "Sample\ManagedCrunch.Sample.Shared\ManagedCrunch.Sample.Shared.shproj", "{32C183B4-A886-41C0-A2C5-2EBDD552372F}"
EndProject
Project("{FAE04EC0-301F-11D3-BF4B-00C04F79EFBC}") = "ManagedCrunch.Sample.UWP", "Sample\ManagedCrunch.Sample.UWP\ManagedCrunch.Sample.UWP.csproj", "{0DA00A54-836A-49F8-98F3-6E820A0FA404}"
EndProject
Global
	GlobalSection(SharedMSBuildProjectFiles) = preSolution
		Sample\ManagedCrunch.Sample.Shared\ManagedCrunch.Sample.Shared.projitems*{0da00a54-836a-49f8-98f3-6e820a0fa404}*SharedItemsImports = 4
		Sample\ManagedCrunch.Sample.Shared\ManagedCrunch.Sample.Shared.projitems*{32c183b4-a886-41c0-a2c5-2ebdd552372f}*SharedItemsImports = 13
		Sample\ManagedCrunch.Sample.Shared\ManagedCrunch.Sample.Shared.projitems*{60f5209a-e2bb-401d-8733-d8d92f235ed3}*SharedItemsImports = 4
		Sample\ManagedCrunch.Sample.Shared\ManagedCrunch.Sample.Shared.projitems*{6464e5d2-e1cc-4411-be48-629e014f26c8}*SharedItemsImports = 4
		Sample\ManagedCrunch.Sample.Shared\ManagedCrunch.Sample.Shared.projitems*{817da388-394d-4ee2-9747-bc1f9eac182e}*SharedItemsImports = 4
		ManagedCrunch.Shared\ManagedCrunch.Shared.projitems*{b79f61db-8227-47bb-b0c5-1b26718119ae}*SharedItemsImports = 13
	EndGlobalSection
	GlobalSection(SolutionConfigurationPlatforms) = preSolution
		Ad-Hoc|Any CPU = Ad-Hoc|Any CPU
		Ad-Hoc|ARM = Ad-Hoc|ARM
		Ad-Hoc|iPhone = Ad-Hoc|iPhone
		Ad-Hoc|iPhoneSimulator = Ad-Hoc|iPhoneSimulator
		Ad-Hoc|x64 = Ad-Hoc|x64
		Ad-Hoc|x86 = Ad-Hoc|x86
		AppStore|Any CPU = AppStore|Any CPU
		AppStore|ARM = AppStore|ARM
		AppStore|iPhone = AppStore|iPhone
		AppStore|iPhoneSimulator = AppStore|iPhoneSimulator
		AppStore|x64 = AppStore|x64
		AppStore|x86 = AppStore|x86
		Debug|Any CPU = Debug|Any CPU
		Debug|ARM = Debug|ARM
		Debug|iPhone = Debug|iPhone
		Debug|iPhoneSimulator = Debug|iPhoneSimulator
		Debug|x64 = Debug|x64
		Debug|x86 = Debug|x86
		Release|Any CPU = Release|Any CPU
		Release|ARM = Release|ARM
		Release|iPhone = Release|iPhone
		Release|iPhoneSimulator = Release|iPhoneSimulator
		Release|x64 = Release|x64
		Release|x86 = Release|x86
	EndGlobalSection
	GlobalSection(ProjectConfigurationPlatforms) = postSolution
		{6729B237-5F55-4B5A-B9D8-DDFE4F3B06E1}.Ad-Hoc|Any CPU.ActiveCfg = Release|Any CPU
		{6729B237-5F55-4B5A-B9D8-DDFE4F3B06E1}.Ad-Hoc|Any CPU.Build.0 = Release|Any CPU
		{6729B237-5F55-4B5A-B9D8-DDFE4F3B06E1}.Ad-Hoc|ARM.ActiveCfg = Release|Any CPU
		{6729B237-5F55-4B5A-B9D8-DDFE4F3B06E1}.Ad-Hoc|ARM.Build.0 = Release|Any CPU
		{6729B237-5F55-4B5A-B9D8-DDFE4F3B06E1}.Ad-Hoc|iPhone.ActiveCfg = Release|Any CPU
		{6729B237-5F55-4B5A-B9D8-DDFE4F3B06E1}.Ad-Hoc|iPhone.Build.0 = Release|Any CPU
		{6729B237-5F55-4B5A-B9D8-DDFE4F3B06E1}.Ad-Hoc|iPhoneSimulator.ActiveCfg = Release|Any CPU
		{6729B237-5F55-4B5A-B9D8-DDFE4F3B06E1}.Ad-Hoc|iPhoneSimulator.Build.0 = Release|Any CPU
		{6729B237-5F55-4B5A-B9D8-DDFE4F3B06E1}.Ad-Hoc|x64.ActiveCfg = Release|Any CPU
		{6729B237-5F55-4B5A-B9D8-DDFE4F3B06E1}.Ad-Hoc|x64.Build.0 = Release|Any CPU
		{6729B237-5F55-4B5A-B9D8-DDFE4F3B06E1}.Ad-Hoc|x86.ActiveCfg = Release|Any CPU
		{6729B237-5F55-4B5A-B9D8-DDFE4F3B06E1}.Ad-Hoc|x86.Build.0 = Release|Any CPU
		{6729B237-5F55-4B5A-B9D8-DDFE4F3B06E1}.AppStore|Any CPU.ActiveCfg = Release|Any CPU
		{6729B237-5F55-4B5A-B9D8-DDFE4F3B06E1}.AppStore|Any CPU.Build.0 = Release|Any CPU
		{6729B237-5F55-4B5A-B9D8-DDFE4F3B06E1}.AppStore|ARM.ActiveCfg = Release|Any CPU
		{6729B237-5F55-4B5A-B9D8-DDFE4F3B06E1}.AppStore|ARM.Build.0 = Release|Any CPU
		{6729B237-5F55-4B5A-B9D8-DDFE4F3B06E1}.AppStore|iPhone.ActiveCfg = Release|Any CPU
		{6729B237-5F55-4B5A-B9D8-DDFE4F3B06E1}.AppStore|iPhone.Build.0 = Release|Any CPU
		{6729B237-5F55-4B5A-B9D8-DDFE4F3B06E1}.AppStore|iPhoneSimulator.ActiveCfg = Release|Any CPU
		{6729B237-5F55-4B5A-B9D8-DDFE4F3B06E1}.AppStore|iPhoneSimulator.Build.0 = Release|Any CPU
		{6729B237-5F55-4B5A-B9D8-DDFE4F3B06E1}.AppStore|x64.ActiveCfg = Release|Any CPU
		{6729B237-5F55-4B5A-B9D8-DDFE4F3B06E1}.AppStore|x64.Build.0 = Release|Any CPU
		{6729B237-5F55-4B5A-B9D8-DDFE4F3B06E1}.AppStore|x86.ActiveCfg = Release|Any CPU
		{6729B237-5F55-4B5A-B9D8-DDFE4F3B06E1}.AppStore|x86.Build.0 = Release|Any CPU
		{6729B237-5F55-4B5A-B9D8-DDFE4F3B06E1}.Debug|Any CPU.ActiveCfg = Debug|Any CPU
		{6729B237-5F55-4B5A-B9D8-DDFE4F3B06E1}.Debug|Any CPU.Build.0 = Debug|Any CPU
		{6729B237-5F55-4B5A-B9D8-DDFE4F3B06E1}.Debug|ARM.ActiveCfg = Debug|Any CPU
		{6729B237-5F55-4B5A-B9D8-DDFE4F3B06E1}.Debug|ARM.Build.0 = Debug|Any CPU
		{6729B237-5F55-4B5A-B9D8-DDFE4F3B06E1}.Debug|iPhone.ActiveCfg = Debug|Any CPU
		{6729B237-5F55-4B5A-B9D8-DDFE4F3B06E1}.Debug|iPhone.Build.0 = Debug|Any CPU
		{6729B237-5F55-4B5A-B9D8-DDFE4F3B06E1}.Debug|iPhoneSimulator.ActiveCfg = Debug|Any CPU
		{6729B237-5F55-4B5A-B9D8-DDFE4F3B06E1}.Debug|iPhoneSimulator.Build.0 = Debug|Any CPU
		{6729B237-5F55-4B5A-B9D8-DDFE4F3B06E1}.Debug|x64.ActiveCfg = Debug|Any CPU
		{6729B237-5F55-4B5A-B9D8-DDFE4F3B06E1}.Debug|x64.Build.0 = Debug|Any CPU
		{6729B237-5F55-4B5A-B9D8-DDFE4F3B06E1}.Debug|x86.ActiveCfg = Debug|Any CPU
		{6729B237-5F55-4B5A-B9D8-DDFE4F3B06E1}.Debug|x86.Build.0 = Debug|Any CPU
		{6729B237-5F55-4B5A-B9D8-DDFE4F3B06E1}.Release|Any CPU.ActiveCfg = Release|Any CPU
		{6729B237-5F55-4B5A-B9D8-DDFE4F3B06E1}.Release|Any CPU.Build.0 = Release|Any CPU
		{6729B237-5F55-4B5A-B9D8-DDFE4F3B06E1}.Release|ARM.ActiveCfg = Release|Any CPU
		{6729B237-5F55-4B5A-B9D8-DDFE4F3B06E1}.Release|ARM.Build.0 = Release|Any CPU
		{6729B237-5F55-4B5A-B9D8-DDFE4F3B06E1}.Release|iPhone.ActiveCfg = Release|Any CPU
		{6729B237-5F55-4B5A-B9D8-DDFE4F3B06E1}.Release|iPhone.Build.0 = Release|Any CPU
		{6729B237-5F55-4B5A-B9D8-DDFE4F3B06E1}.Release|iPhoneSimulator.ActiveCfg = Release|Any CPU
		{6729B237-5F55-4B5A-B9D8-DDFE4F3B06E1}.Release|iPhoneSimulator.Build.0 = Release|Any CPU
		{6729B237-5F55-4B5A-B9D8-DDFE4F3B06E1}.Release|x64.ActiveCfg = Release|Any CPU
		{6729B237-5F55-4B5A-B9D8-DDFE4F3B06E1}.Release|x64.Build.0 = Release|Any CPU
		{6729B237-5F55-4B5A-B9D8-DDFE4F3B06E1}.Release|x86.ActiveCfg = Release|Any CPU
		{6729B237-5F55-4B5A-B9D8-DDFE4F3B06E1}.Release|x86.Build.0 = Release|Any CPU
		{60F5209A-E2BB-401D-8733-D8D92F235ED3}.Ad-Hoc|Any CPU.ActiveCfg = Release|Any CPU
		{60F5209A-E2BB-401D-8733-D8D92F235ED3}.Ad-Hoc|Any CPU.Build.0 = Release|Any CPU
		{60F5209A-E2BB-401D-8733-D8D92F235ED3}.Ad-Hoc|Any CPU.Deploy.0 = Release|Any CPU
		{60F5209A-E2BB-401D-8733-D8D92F235ED3}.Ad-Hoc|ARM.ActiveCfg = Release|Any CPU
		{60F5209A-E2BB-401D-8733-D8D92F235ED3}.Ad-Hoc|ARM.Build.0 = Release|Any CPU
		{60F5209A-E2BB-401D-8733-D8D92F235ED3}.Ad-Hoc|ARM.Deploy.0 = Release|Any CPU
		{60F5209A-E2BB-401D-8733-D8D92F235ED3}.Ad-Hoc|iPhone.ActiveCfg = Release|Any CPU
		{60F5209A-E2BB-401D-8733-D8D92F235ED3}.Ad-Hoc|iPhone.Build.0 = Release|Any CPU
		{60F5209A-E2BB-401D-8733-D8D92F235ED3}.Ad-Hoc|iPhone.Deploy.0 = Release|Any CPU
		{60F5209A-E2BB-401D-8733-D8D92F235ED3}.Ad-Hoc|iPhoneSimulator.ActiveCfg = Release|Any CPU
		{60F5209A-E2BB-401D-8733-D8D92F235ED3}.Ad-Hoc|iPhoneSimulator.Build.0 = Release|Any CPU
		{60F5209A-E2BB-401D-8733-D8D92F235ED3}.Ad-Hoc|iPhoneSimulator.Deploy.0 = Release|Any CPU
		{60F5209A-E2BB-401D-8733-D8D92F235ED3}.Ad-Hoc|x64.ActiveCfg = Release|Any CPU
		{60F5209A-E2BB-401D-8733-D8D92F235ED3}.Ad-Hoc|x64.Build.0 = Release|Any CPU
		{60F5209A-E2BB-401D-8733-D8D92F235ED3}.Ad-Hoc|x64.Deploy.0 = Release|Any CPU
		{60F5209A-E2BB-401D-8733-D8D92F235ED3}.Ad-Hoc|x86.ActiveCfg = Release|Any CPU
		{60F5209A-E2BB-401D-8733-D8D92F235ED3}.Ad-Hoc|x86.Build.0 = Release|Any CPU
		{60F5209A-E2BB-401D-8733-D8D92F235ED3}.Ad-Hoc|x86.Deploy.0 = Release|Any CPU
		{60F5209A-E2BB-401D-8733-D8D92F235ED3}.AppStore|Any CPU.ActiveCfg = Release|Any CPU
		{60F5209A-E2BB-401D-8733-D8D92F235ED3}.AppStore|Any CPU.Build.0 = Release|Any CPU
		{60F5209A-E2BB-401D-8733-D8D92F235ED3}.AppStore|Any CPU.Deploy.0 = Release|Any CPU
		{60F5209A-E2BB-401D-8733-D8D92F235ED3}.AppStore|ARM.ActiveCfg = Release|Any CPU
		{60F5209A-E2BB-401D-8733-D8D92F235ED3}.AppStore|ARM.Build.0 = Release|Any CPU
		{60F5209A-E2BB-401D-8733-D8D92F235ED3}.AppStore|ARM.Deploy.0 = Release|Any CPU
		{60F5209A-E2BB-401D-8733-D8D92F235ED3}.AppStore|iPhone.ActiveCfg = Release|Any CPU
		{60F5209A-E2BB-401D-8733-D8D92F235ED3}.AppStore|iPhone.Build.0 = Release|Any CPU
		{60F5209A-E2BB-401D-8733-D8D92F235ED3}.AppStore|iPhone.Deploy.0 = Release|Any CPU
		{60F5209A-E2BB-401D-8733-D8D92F235ED3}.AppStore|iPhoneSimulator.ActiveCfg = Release|Any CPU
		{60F5209A-E2BB-401D-8733-D8D92F235ED3}.AppStore|iPhoneSimulator.Build.0 = Release|Any CPU
		{60F5209A-E2BB-401D-8733-D8D92F235ED3}.AppStore|iPhoneSimulator.Deploy.0 = Release|Any CPU
		{60F5209A-E2BB-401D-8733-D8D92F235ED3}.AppStore|x64.ActiveCfg = Release|Any CPU
		{60F5209A-E2BB-401D-8733-D8D92F235ED3}.AppStore|x64.Build.0 = Release|Any CPU
		{60F5209A-E2BB-401D-8733-D8D92F235ED3}.AppStore|x64.Deploy.0 = Release|Any CPU
		{60F5209A-E2BB-401D-8733-D8D92F235ED3}.AppStore|x86.ActiveCfg = Release|Any CPU
		{60F5209A-E2BB-401D-8733-D8D92F235ED3}.AppStore|x86.Build.0 = Release|Any CPU
		{60F5209A-E2BB-401D-8733-D8D92F235ED3}.AppStore|x86.Deploy.0 = Release|Any CPU
		{60F5209A-E2BB-401D-8733-D8D92F235ED3}.Debug|Any CPU.ActiveCfg = Debug|Any CPU
		{60F5209A-E2BB-401D-8733-D8D92F235ED3}.Debug|Any CPU.Build.0 = Debug|Any CPU
		{60F5209A-E2BB-401D-8733-D8D92F235ED3}.Debug|Any CPU.Deploy.0 = Debug|Any CPU
		{60F5209A-E2BB-401D-8733-D8D92F235ED3}.Debug|ARM.ActiveCfg = Debug|Any CPU
		{60F5209A-E2BB-401D-8733-D8D92F235ED3}.Debug|ARM.Build.0 = Debug|Any CPU
		{60F5209A-E2BB-401D-8733-D8D92F235ED3}.Debug|ARM.Deploy.0 = Debug|Any CPU
		{60F5209A-E2BB-401D-8733-D8D92F235ED3}.Debug|iPhone.ActiveCfg = Debug|Any CPU
		{60F5209A-E2BB-401D-8733-D8D92F235ED3}.Debug|iPhone.Build.0 = Debug|Any CPU
		{60F5209A-E2BB-401D-8733-D8D92F235ED3}.Debug|iPhone.Deploy.0 = Debug|Any CPU
		{60F5209A-E2BB-401D-8733-D8D92F235ED3}.Debug|iPhoneSimulator.ActiveCfg = Debug|Any CPU
		{60F5209A-E2BB-401D-8733-D8D92F235ED3}.Debug|iPhoneSimulator.Build.0 = Debug|Any CPU
		{60F5209A-E2BB-401D-8733-D8D92F235ED3}.Debug|iPhoneSimulator.Deploy.0 = Debug|Any CPU
		{60F5209A-E2BB-401D-8733-D8D92F235ED3}.Debug|x64.ActiveCfg = Debug|Any CPU
		{60F5209A-E2BB-401D-8733-D8D92F235ED3}.Debug|x64.Build.0 = Debug|Any CPU
		{60F5209A-E2BB-401D-8733-D8D92F235ED3}.Debug|x64.Deploy.0 = Debug|Any CPU
		{60F5209A-E2BB-401D-8733-D8D92F235ED3}.Debug|x86.ActiveCfg = Debug|Any CPU
		{60F5209A-E2BB-401D-8733-D8D92F235ED3}.Debug|x86.Build.0 = Debug|Any CPU
		{60F5209A-E2BB-401D-8733-D8D92F235ED3}.Debug|x86.Deploy.0 = Debug|Any CPU
		{60F5209A-E2BB-401D-8733-D8D92F235ED3}.Release|Any CPU.ActiveCfg = Release|Any CPU
		{60F5209A-E2BB-401D-8733-D8D92F235ED3}.Release|Any CPU.Build.0 = Release|Any CPU
		{60F5209A-E2BB-401D-8733-D8D92F235ED3}.Release|Any CPU.Deploy.0 = Release|Any CPU
		{60F5209A-E2BB-401D-8733-D8D92F235ED3}.Release|ARM.ActiveCfg = Release|Any CPU
		{60F5209A-E2BB-401D-8733-D8D92F235ED3}.Release|ARM.Build.0 = Release|Any CPU
		{60F5209A-E2BB-401D-8733-D8D92F235ED3}.Release|ARM.Deploy.0 = Release|Any CPU
		{60F5209A-E2BB-401D-8733-D8D92F235ED3}.Release|iPhone.ActiveCfg = Release|Any CPU
		{60F5209A-E2BB-401D-8733-D8D92F235ED3}.Release|iPhone.Build.0 = Release|Any CPU
		{60F5209A-E2BB-401D-8733-D8D92F235ED3}.Release|iPhone.Deploy.0 = Release|Any CPU
		{60F5209A-E2BB-401D-8733-D8D92F235ED3}.Release|iPhoneSimulator.ActiveCfg = Release|Any CPU
		{60F5209A-E2BB-401D-8733-D8D92F235ED3}.Release|iPhoneSimulator.Build.0 = Release|Any CPU
		{60F5209A-E2BB-401D-8733-D8D92F235ED3}.Release|iPhoneSimulator.Deploy.0 = Release|Any CPU
		{60F5209A-E2BB-401D-8733-D8D92F235ED3}.Release|x64.ActiveCfg = Release|Any CPU
		{60F5209A-E2BB-401D-8733-D8D92F235ED3}.Release|x64.Build.0 = Release|Any CPU
		{60F5209A-E2BB-401D-8733-D8D92F235ED3}.Release|x64.Deploy.0 = Release|Any CPU
		{60F5209A-E2BB-401D-8733-D8D92F235ED3}.Release|x86.ActiveCfg = Release|Any CPU
		{60F5209A-E2BB-401D-8733-D8D92F235ED3}.Release|x86.Build.0 = Release|Any CPU
		{60F5209A-E2BB-401D-8733-D8D92F235ED3}.Release|x86.Deploy.0 = Release|Any CPU
		{6464E5D2-E1CC-4411-BE48-629E014F26C8}.Ad-Hoc|Any CPU.ActiveCfg = Ad-Hoc|iPhone
		{6464E5D2-E1CC-4411-BE48-629E014F26C8}.Ad-Hoc|ARM.ActiveCfg = Ad-Hoc|iPhone
		{6464E5D2-E1CC-4411-BE48-629E014F26C8}.Ad-Hoc|iPhone.ActiveCfg = Ad-Hoc|iPhone
		{6464E5D2-E1CC-4411-BE48-629E014F26C8}.Ad-Hoc|iPhone.Build.0 = Ad-Hoc|iPhone
		{6464E5D2-E1CC-4411-BE48-629E014F26C8}.Ad-Hoc|iPhoneSimulator.ActiveCfg = Ad-Hoc|iPhoneSimulator
		{6464E5D2-E1CC-4411-BE48-629E014F26C8}.Ad-Hoc|iPhoneSimulator.Build.0 = Ad-Hoc|iPhoneSimulator
		{6464E5D2-E1CC-4411-BE48-629E014F26C8}.Ad-Hoc|x64.ActiveCfg = Ad-Hoc|iPhone
		{6464E5D2-E1CC-4411-BE48-629E014F26C8}.Ad-Hoc|x86.ActiveCfg = Ad-Hoc|iPhone
		{6464E5D2-E1CC-4411-BE48-629E014F26C8}.AppStore|Any CPU.ActiveCfg = AppStore|iPhone
		{6464E5D2-E1CC-4411-BE48-629E014F26C8}.AppStore|ARM.ActiveCfg = AppStore|iPhone
		{6464E5D2-E1CC-4411-BE48-629E014F26C8}.AppStore|iPhone.ActiveCfg = AppStore|iPhone
		{6464E5D2-E1CC-4411-BE48-629E014F26C8}.AppStore|iPhone.Build.0 = AppStore|iPhone
		{6464E5D2-E1CC-4411-BE48-629E014F26C8}.AppStore|iPhoneSimulator.ActiveCfg = AppStore|iPhoneSimulator
		{6464E5D2-E1CC-4411-BE48-629E014F26C8}.AppStore|iPhoneSimulator.Build.0 = AppStore|iPhoneSimulator
		{6464E5D2-E1CC-4411-BE48-629E014F26C8}.AppStore|x64.ActiveCfg = AppStore|iPhone
		{6464E5D2-E1CC-4411-BE48-629E014F26C8}.AppStore|x86.ActiveCfg = AppStore|iPhone
		{6464E5D2-E1CC-4411-BE48-629E014F26C8}.Debug|Any CPU.ActiveCfg = Debug|iPhone
		{6464E5D2-E1CC-4411-BE48-629E014F26C8}.Debug|ARM.ActiveCfg = Debug|iPhone
		{6464E5D2-E1CC-4411-BE48-629E014F26C8}.Debug|iPhone.ActiveCfg = Debug|iPhone
		{6464E5D2-E1CC-4411-BE48-629E014F26C8}.Debug|iPhone.Build.0 = Debug|iPhone
		{6464E5D2-E1CC-4411-BE48-629E014F26C8}.Debug|iPhoneSimulator.ActiveCfg = Debug|iPhoneSimulator
		{6464E5D2-E1CC-4411-BE48-629E014F26C8}.Debug|iPhoneSimulator.Build.0 = Debug|iPhoneSimulator
		{6464E5D2-E1CC-4411-BE48-629E014F26C8}.Debug|x64.ActiveCfg = Debug|iPhone
		{6464E5D2-E1CC-4411-BE48-629E014F26C8}.Debug|x86.ActiveCfg = Debug|iPhone
		{6464E5D2-E1CC-4411-BE48-629E014F26C8}.Release|Any CPU.ActiveCfg = Release|iPhone
		{6464E5D2-E1CC-4411-BE48-629E014F26C8}.Release|ARM.ActiveCfg = Release|iPhone
		{6464E5D2-E1CC-4411-BE48-629E014F26C8}.Release|iPhone.ActiveCfg = Release|iPhone
		{6464E5D2-E1CC-4411-BE48-629E014F26C8}.Release|iPhone.Build.0 = Release|iPhone
		{6464E5D2-E1CC-4411-BE48-629E014F26C8}.Release|iPhoneSimulator.ActiveCfg = Release|iPhoneSimulator
		{6464E5D2-E1CC-4411-BE48-629E014F26C8}.Release|iPhoneSimulator.Build.0 = Release|iPhoneSimulator
		{6464E5D2-E1CC-4411-BE48-629E014F26C8}.Release|x64.ActiveCfg = Release|iPhone
		{6464E5D2-E1CC-4411-BE48-629E014F26C8}.Release|x86.ActiveCfg = Release|iPhone
		{F62D4B61-86A9-408C-BD98-8EBCE668AACE}.Ad-Hoc|Any CPU.ActiveCfg = Debug|Any CPU
		{F62D4B61-86A9-408C-BD98-8EBCE668AACE}.Ad-Hoc|Any CPU.Build.0 = Debug|Any CPU
		{F62D4B61-86A9-408C-BD98-8EBCE668AACE}.Ad-Hoc|ARM.ActiveCfg = Debug|Any CPU
		{F62D4B61-86A9-408C-BD98-8EBCE668AACE}.Ad-Hoc|ARM.Build.0 = Debug|Any CPU
		{F62D4B61-86A9-408C-BD98-8EBCE668AACE}.Ad-Hoc|iPhone.ActiveCfg = Debug|Any CPU
		{F62D4B61-86A9-408C-BD98-8EBCE668AACE}.Ad-Hoc|iPhone.Build.0 = Debug|Any CPU
		{F62D4B61-86A9-408C-BD98-8EBCE668AACE}.Ad-Hoc|iPhoneSimulator.ActiveCfg = Debug|Any CPU
		{F62D4B61-86A9-408C-BD98-8EBCE668AACE}.Ad-Hoc|iPhoneSimulator.Build.0 = Debug|Any CPU
		{F62D4B61-86A9-408C-BD98-8EBCE668AACE}.Ad-Hoc|x64.ActiveCfg = Debug|Any CPU
		{F62D4B61-86A9-408C-BD98-8EBCE668AACE}.Ad-Hoc|x64.Build.0 = Debug|Any CPU
		{F62D4B61-86A9-408C-BD98-8EBCE668AACE}.Ad-Hoc|x86.ActiveCfg = Debug|Any CPU
		{F62D4B61-86A9-408C-BD98-8EBCE668AACE}.Ad-Hoc|x86.Build.0 = Debug|Any CPU
		{F62D4B61-86A9-408C-BD98-8EBCE668AACE}.AppStore|Any CPU.ActiveCfg = Debug|Any CPU
		{F62D4B61-86A9-408C-BD98-8EBCE668AACE}.AppStore|Any CPU.Build.0 = Debug|Any CPU
		{F62D4B61-86A9-408C-BD98-8EBCE668AACE}.AppStore|ARM.ActiveCfg = Debug|Any CPU
		{F62D4B61-86A9-408C-BD98-8EBCE668AACE}.AppStore|ARM.Build.0 = Debug|Any CPU
		{F62D4B61-86A9-408C-BD98-8EBCE668AACE}.AppStore|iPhone.ActiveCfg = Debug|Any CPU
		{F62D4B61-86A9-408C-BD98-8EBCE668AACE}.AppStore|iPhone.Build.0 = Debug|Any CPU
		{F62D4B61-86A9-408C-BD98-8EBCE668AACE}.AppStore|iPhoneSimulator.ActiveCfg = Debug|Any CPU
		{F62D4B61-86A9-408C-BD98-8EBCE668AACE}.AppStore|iPhoneSimulator.Build.0 = Debug|Any CPU
		{F62D4B61-86A9-408C-BD98-8EBCE668AACE}.AppStore|x64.ActiveCfg = Debug|Any CPU
		{F62D4B61-86A9-408C-BD98-8EBCE668AACE}.AppStore|x64.Build.0 = Debug|Any CPU
		{F62D4B61-86A9-408C-BD98-8EBCE668AACE}.AppStore|x86.ActiveCfg = Debug|Any CPU
		{F62D4B61-86A9-408C-BD98-8EBCE668AACE}.AppStore|x86.Build.0 = Debug|Any CPU
		{F62D4B61-86A9-408C-BD98-8EBCE668AACE}.Debug|Any CPU.ActiveCfg = Debug|Any CPU
		{F62D4B61-86A9-408C-BD98-8EBCE668AACE}.Debug|Any CPU.Build.0 = Debug|Any CPU
		{F62D4B61-86A9-408C-BD98-8EBCE668AACE}.Debug|ARM.ActiveCfg = Debug|Any CPU
		{F62D4B61-86A9-408C-BD98-8EBCE668AACE}.Debug|ARM.Build.0 = Debug|Any CPU
		{F62D4B61-86A9-408C-BD98-8EBCE668AACE}.Debug|iPhone.ActiveCfg = Debug|Any CPU
		{F62D4B61-86A9-408C-BD98-8EBCE668AACE}.Debug|iPhone.Build.0 = Debug|Any CPU
		{F62D4B61-86A9-408C-BD98-8EBCE668AACE}.Debug|iPhoneSimulator.ActiveCfg = Debug|Any CPU
		{F62D4B61-86A9-408C-BD98-8EBCE668AACE}.Debug|iPhoneSimulator.Build.0 = Debug|Any CPU
		{F62D4B61-86A9-408C-BD98-8EBCE668AACE}.Debug|x64.ActiveCfg = Debug|Any CPU
		{F62D4B61-86A9-408C-BD98-8EBCE668AACE}.Debug|x64.Build.0 = Debug|Any CPU
		{F62D4B61-86A9-408C-BD98-8EBCE668AACE}.Debug|x86.ActiveCfg = Debug|Any CPU
		{F62D4B61-86A9-408C-BD98-8EBCE668AACE}.Debug|x86.Build.0 = Debug|Any CPU
		{F62D4B61-86A9-408C-BD98-8EBCE668AACE}.Release|Any CPU.ActiveCfg = Release|Any CPU
		{F62D4B61-86A9-408C-BD98-8EBCE668AACE}.Release|Any CPU.Build.0 = Release|Any CPU
		{F62D4B61-86A9-408C-BD98-8EBCE668AACE}.Release|ARM.ActiveCfg = Release|Any CPU
		{F62D4B61-86A9-408C-BD98-8EBCE668AACE}.Release|ARM.Build.0 = Release|Any CPU
		{F62D4B61-86A9-408C-BD98-8EBCE668AACE}.Release|iPhone.ActiveCfg = Release|Any CPU
		{F62D4B61-86A9-408C-BD98-8EBCE668AACE}.Release|iPhone.Build.0 = Release|Any CPU
		{F62D4B61-86A9-408C-BD98-8EBCE668AACE}.Release|iPhoneSimulator.ActiveCfg = Release|Any CPU
		{F62D4B61-86A9-408C-BD98-8EBCE668AACE}.Release|iPhoneSimulator.Build.0 = Release|Any CPU
		{F62D4B61-86A9-408C-BD98-8EBCE668AACE}.Release|x64.ActiveCfg = Release|Any CPU
		{F62D4B61-86A9-408C-BD98-8EBCE668AACE}.Release|x64.Build.0 = Release|Any CPU
		{F62D4B61-86A9-408C-BD98-8EBCE668AACE}.Release|x86.ActiveCfg = Release|Any CPU
		{F62D4B61-86A9-408C-BD98-8EBCE668AACE}.Release|x86.Build.0 = Release|Any CPU
		{817DA388-394D-4EE2-9747-BC1F9EAC182E}.Ad-Hoc|Any CPU.ActiveCfg = Release|Any CPU
		{817DA388-394D-4EE2-9747-BC1F9EAC182E}.Ad-Hoc|Any CPU.Build.0 = Release|Any CPU
		{817DA388-394D-4EE2-9747-BC1F9EAC182E}.Ad-Hoc|ARM.ActiveCfg = Release|Any CPU
		{817DA388-394D-4EE2-9747-BC1F9EAC182E}.Ad-Hoc|ARM.Build.0 = Release|Any CPU
		{817DA388-394D-4EE2-9747-BC1F9EAC182E}.Ad-Hoc|iPhone.ActiveCfg = Release|Any CPU
		{817DA388-394D-4EE2-9747-BC1F9EAC182E}.Ad-Hoc|iPhone.Build.0 = Release|Any CPU
		{817DA388-394D-4EE2-9747-BC1F9EAC182E}.Ad-Hoc|iPhoneSimulator.ActiveCfg = Release|Any CPU
		{817DA388-394D-4EE2-9747-BC1F9EAC182E}.Ad-Hoc|iPhoneSimulator.Build.0 = Release|Any CPU
		{817DA388-394D-4EE2-9747-BC1F9EAC182E}.Ad-Hoc|x64.ActiveCfg = Release|Any CPU
		{817DA388-394D-4EE2-9747-BC1F9EAC182E}.Ad-Hoc|x64.Build.0 = Release|Any CPU
		{817DA388-394D-4EE2-9747-BC1F9EAC182E}.Ad-Hoc|x86.ActiveCfg = Release|Any CPU
		{817DA388-394D-4EE2-9747-BC1F9EAC182E}.Ad-Hoc|x86.Build.0 = Release|Any CPU
		{817DA388-394D-4EE2-9747-BC1F9EAC182E}.AppStore|Any CPU.ActiveCfg = Release|Any CPU
		{817DA388-394D-4EE2-9747-BC1F9EAC182E}.AppStore|Any CPU.Build.0 = Release|Any CPU
		{817DA388-394D-4EE2-9747-BC1F9EAC182E}.AppStore|ARM.ActiveCfg = Release|Any CPU
		{817DA388-394D-4EE2-9747-BC1F9EAC182E}.AppStore|ARM.Build.0 = Release|Any CPU
		{817DA388-394D-4EE2-9747-BC1F9EAC182E}.AppStore|iPhone.ActiveCfg = Release|Any CPU
		{817DA388-394D-4EE2-9747-BC1F9EAC182E}.AppStore|iPhone.Build.0 = Release|Any CPU
		{817DA388-394D-4EE2-9747-BC1F9EAC182E}.AppStore|iPhoneSimulator.ActiveCfg = Release|Any CPU
		{817DA388-394D-4EE2-9747-BC1F9EAC182E}.AppStore|iPhoneSimulator.Build.0 = Release|Any CPU
		{817DA388-394D-4EE2-9747-BC1F9EAC182E}.AppStore|x64.ActiveCfg = Release|Any CPU
		{817DA388-394D-4EE2-9747-BC1F9EAC182E}.AppStore|x64.Build.0 = Release|Any CPU
		{817DA388-394D-4EE2-9747-BC1F9EAC182E}.AppStore|x86.ActiveCfg = Release|Any CPU
		{817DA388-394D-4EE2-9747-BC1F9EAC182E}.AppStore|x86.Build.0 = Release|Any CPU
		{817DA388-394D-4EE2-9747-BC1F9EAC182E}.Debug|Any CPU.ActiveCfg = Debug|Any CPU
		{817DA388-394D-4EE2-9747-BC1F9EAC182E}.Debug|Any CPU.Build.0 = Debug|Any CPU
		{817DA388-394D-4EE2-9747-BC1F9EAC182E}.Debug|ARM.ActiveCfg = Debug|Any CPU
		{817DA388-394D-4EE2-9747-BC1F9EAC182E}.Debug|ARM.Build.0 = Debug|Any CPU
		{817DA388-394D-4EE2-9747-BC1F9EAC182E}.Debug|iPhone.ActiveCfg = Debug|Any CPU
		{817DA388-394D-4EE2-9747-BC1F9EAC182E}.Debug|iPhone.Build.0 = Debug|Any CPU
		{817DA388-394D-4EE2-9747-BC1F9EAC182E}.Debug|iPhoneSimulator.ActiveCfg = Debug|Any CPU
		{817DA388-394D-4EE2-9747-BC1F9EAC182E}.Debug|iPhoneSimulator.Build.0 = Debug|Any CPU
		{817DA388-394D-4EE2-9747-BC1F9EAC182E}.Debug|x64.ActiveCfg = Debug|Any CPU
		{817DA388-394D-4EE2-9747-BC1F9EAC182E}.Debug|x64.Build.0 = Debug|Any CPU
		{817DA388-394D-4EE2-9747-BC1F9EAC182E}.Debug|x86.ActiveCfg = Debug|Any CPU
		{817DA388-394D-4EE2-9747-BC1F9EAC182E}.Debug|x86.Build.0 = Debug|Any CPU
		{817DA388-394D-4EE2-9747-BC1F9EAC182E}.Release|Any CPU.ActiveCfg = Release|Any CPU
		{817DA388-394D-4EE2-9747-BC1F9EAC182E}.Release|Any CPU.Build.0 = Release|Any CPU
		{817DA388-394D-4EE2-9747-BC1F9EAC182E}.Release|ARM.ActiveCfg = Release|Any CPU
		{817DA388-394D-4EE2-9747-BC1F9EAC182E}.Release|ARM.Build.0 = Release|Any CPU
		{817DA388-394D-4EE2-9747-BC1F9EAC182E}.Release|iPhone.ActiveCfg = Release|Any CPU
		{817DA388-394D-4EE2-9747-BC1F9EAC182E}.Release|iPhone.Build.0 = Release|Any CPU
		{817DA388-394D-4EE2-9747-BC1F9EAC182E}.Release|iPhoneSimulator.ActiveCfg = Release|Any CPU
		{817DA388-394D-4EE2-9747-BC1F9EAC182E}.Release|iPhoneSimulator.Build.0 = Release|Any CPU
		{817DA388-394D-4EE2-9747-BC1F9EAC182E}.Release|x64.ActiveCfg = Release|Any CPU
		{817DA388-394D-4EE2-9747-BC1F9EAC182E}.Release|x64.Build.0 = Release|Any CPU
		{817DA388-394D-4EE2-9747-BC1F9EAC182E}.Release|x86.ActiveCfg = Release|Any CPU
		{817DA388-394D-4EE2-9747-BC1F9EAC182E}.Release|x86.Build.0 = Release|Any CPU
		{0DA00A54-836A-49F8-98F3-6E820A0FA404}.Ad-Hoc|Any CPU.ActiveCfg = Release|x64
		{0DA00A54-836A-49F8-98F3-6E820A0FA404}.Ad-Hoc|Any CPU.Build.0 = Release|x64
		{0DA00A54-836A-49F8-98F3-6E820A0FA404}.Ad-Hoc|Any CPU.Deploy.0 = Release|x64
		{0DA00A54-836A-49F8-98F3-6E820A0FA404}.Ad-Hoc|ARM.ActiveCfg = Release|ARM
		{0DA00A54-836A-49F8-98F3-6E820A0FA404}.Ad-Hoc|ARM.Build.0 = Release|ARM
		{0DA00A54-836A-49F8-98F3-6E820A0FA404}.Ad-Hoc|ARM.Deploy.0 = Release|ARM
		{0DA00A54-836A-49F8-98F3-6E820A0FA404}.Ad-Hoc|iPhone.ActiveCfg = Release|x64
		{0DA00A54-836A-49F8-98F3-6E820A0FA404}.Ad-Hoc|iPhone.Build.0 = Release|x64
		{0DA00A54-836A-49F8-98F3-6E820A0FA404}.Ad-Hoc|iPhone.Deploy.0 = Release|x64
		{0DA00A54-836A-49F8-98F3-6E820A0FA404}.Ad-Hoc|iPhoneSimulator.ActiveCfg = Release|x64
		{0DA00A54-836A-49F8-98F3-6E820A0FA404}.Ad-Hoc|iPhoneSimulator.Build.0 = Release|x64
		{0DA00A54-836A-49F8-98F3-6E820A0FA404}.Ad-Hoc|iPhoneSimulator.Deploy.0 = Release|x64
		{0DA00A54-836A-49F8-98F3-6E820A0FA404}.Ad-Hoc|x64.ActiveCfg = Release|x64
		{0DA00A54-836A-49F8-98F3-6E820A0FA404}.Ad-Hoc|x64.Build.0 = Release|x64
		{0DA00A54-836A-49F8-98F3-6E820A0FA404}.Ad-Hoc|x64.Deploy.0 = Release|x64
		{0DA00A54-836A-49F8-98F3-6E820A0FA404}.Ad-Hoc|x86.ActiveCfg = Release|x86
		{0DA00A54-836A-49F8-98F3-6E820A0FA404}.Ad-Hoc|x86.Build.0 = Release|x86
		{0DA00A54-836A-49F8-98F3-6E820A0FA404}.Ad-Hoc|x86.Deploy.0 = Release|x86
		{0DA00A54-836A-49F8-98F3-6E820A0FA404}.AppStore|Any CPU.ActiveCfg = Release|x64
		{0DA00A54-836A-49F8-98F3-6E820A0FA404}.AppStore|Any CPU.Build.0 = Release|x64
		{0DA00A54-836A-49F8-98F3-6E820A0FA404}.AppStore|Any CPU.Deploy.0 = Release|x64
		{0DA00A54-836A-49F8-98F3-6E820A0FA404}.AppStore|ARM.ActiveCfg = Release|ARM
		{0DA00A54-836A-49F8-98F3-6E820A0FA404}.AppStore|ARM.Build.0 = Release|ARM
		{0DA00A54-836A-49F8-98F3-6E820A0FA404}.AppStore|ARM.Deploy.0 = Release|ARM
		{0DA00A54-836A-49F8-98F3-6E820A0FA404}.AppStore|iPhone.ActiveCfg = Release|x64
		{0DA00A54-836A-49F8-98F3-6E820A0FA404}.AppStore|iPhone.Build.0 = Release|x64
		{0DA00A54-836A-49F8-98F3-6E820A0FA404}.AppStore|iPhone.Deploy.0 = Release|x64
		{0DA00A54-836A-49F8-98F3-6E820A0FA404}.AppStore|iPhoneSimulator.ActiveCfg = Release|x64
		{0DA00A54-836A-49F8-98F3-6E820A0FA404}.AppStore|iPhoneSimulator.Build.0 = Release|x64
		{0DA00A54-836A-49F8-98F3-6E820A0FA404}.AppStore|iPhoneSimulator.Deploy.0 = Release|x64
		{0DA00A54-836A-49F8-98F3-6E820A0FA404}.AppStore|x64.ActiveCfg = Release|x64
		{0DA00A54-836A-49F8-98F3-6E820A0FA404}.AppStore|x64.Build.0 = Release|x64
		{0DA00A54-836A-49F8-98F3-6E820A0FA404}.AppStore|x64.Deploy.0 = Release|x64
		{0DA00A54-836A-49F8-98F3-6E820A0FA404}.AppStore|x86.ActiveCfg = Release|x86
		{0DA00A54-836A-49F8-98F3-6E820A0FA404}.AppStore|x86.Build.0 = Release|x86
		{0DA00A54-836A-49F8-98F3-6E820A0FA404}.AppStore|x86.Deploy.0 = Release|x86
		{0DA00A54-836A-49F8-98F3-6E820A0FA404}.Debug|Any CPU.ActiveCfg = Debug|x86
		{0DA00A54-836A-49F8-98F3-6E820A0FA404}.Debug|ARM.ActiveCfg = Debug|ARM
		{0DA00A54-836A-49F8-98F3-6E820A0FA404}.Debug|ARM.Build.0 = Debug|ARM
		{0DA00A54-836A-49F8-98F3-6E820A0FA404}.Debug|ARM.Deploy.0 = Debug|ARM
		{0DA00A54-836A-49F8-98F3-6E820A0FA404}.Debug|iPhone.ActiveCfg = Debug|x86
		{0DA00A54-836A-49F8-98F3-6E820A0FA404}.Debug|iPhoneSimulator.ActiveCfg = Debug|x86
		{0DA00A54-836A-49F8-98F3-6E820A0FA404}.Debug|x64.ActiveCfg = Debug|x64
		{0DA00A54-836A-49F8-98F3-6E820A0FA404}.Debug|x64.Build.0 = Debug|x64
		{0DA00A54-836A-49F8-98F3-6E820A0FA404}.Debug|x64.Deploy.0 = Debug|x64
		{0DA00A54-836A-49F8-98F3-6E820A0FA404}.Debug|x86.ActiveCfg = Debug|x86
		{0DA00A54-836A-49F8-98F3-6E820A0FA404}.Debug|x86.Build.0 = Debug|x86
		{0DA00A54-836A-49F8-98F3-6E820A0FA404}.Debug|x86.Deploy.0 = Debug|x86
		{0DA00A54-836A-49F8-98F3-6E820A0FA404}.Release|Any CPU.ActiveCfg = Release|x86
		{0DA00A54-836A-49F8-98F3-6E820A0FA404}.Release|ARM.ActiveCfg = Release|ARM
		{0DA00A54-836A-49F8-98F3-6E820A0FA404}.Release|ARM.Build.0 = Release|ARM
		{0DA00A54-836A-49F8-98F3-6E820A0FA404}.Release|ARM.Deploy.0 = Release|ARM
		{0DA00A54-836A-49F8-98F3-6E820A0FA404}.Release|iPhone.ActiveCfg = Release|x86
		{0DA00A54-836A-49F8-98F3-6E820A0FA404}.Release|iPhoneSimulator.ActiveCfg = Release|x86
		{0DA00A54-836A-49F8-98F3-6E820A0FA404}.Release|x64.ActiveCfg = Release|x64
		{0DA00A54-836A-49F8-98F3-6E820A0FA404}.Release|x64.Build.0 = Release|x64
		{0DA00A54-836A-49F8-98F3-6E820A0FA404}.Release|x64.Deploy.0 = Release|x64
		{0DA00A54-836A-49F8-98F3-6E820A0FA404}.Release|x86.ActiveCfg = Release|x86
		{0DA00A54-836A-49F8-98F3-6E820A0FA404}.Release|x86.Build.0 = Release|x86
		{0DA00A54-836A-49F8-98F3-6E820A0FA404}.Release|x86.Deploy.0 = Release|x86
	EndGlobalSection
	GlobalSection(SolutionProperties) = preSolution
		HideSolutionNode = FALSE
	EndGlobalSection
	GlobalSection(NestedProjects) = preSolution
		{60F5209A-E2BB-401D-8733-D8D92F235ED3} = {4A5F2D3B-E2E6-49B0-BC14-E7ABFA2354D8}
		{6464E5D2-E1CC-4411-BE48-629E014F26C8} = {4A5F2D3B-E2E6-49B0-BC14-E7ABFA2354D8}
		{F62D4B61-86A9-408C-BD98-8EBCE668AACE} = {4A5F2D3B-E2E6-49B0-BC14-E7ABFA2354D8}
		{817DA388-394D-4EE2-9747-BC1F9EAC182E} = {4A5F2D3B-E2E6-49B0-BC14-E7ABFA2354D8}
		{32C183B4-A886-41C0-A2C5-2EBDD552372F} = {4A5F2D3B-E2E6-49B0-BC14-E7ABFA2354D8}
		{0DA00A54-836A-49F8-98F3-6E820A0FA404} = {4A5F2D3B-E2E6-49B0-BC14-E7ABFA2354D8}
	EndGlobalSection
	GlobalSection(ExtensibilityGlobals) = postSolution
		SolutionGuid = {2963B218-23A9-4FF9-B793-900D0635CEBD}
	EndGlobalSection
EndGlobal
